<?xml version="1.0" encoding="utf-8"?>
<Project ToolsVersion="4.0" xmlns="http://schemas.microsoft.com/developer/msbuild/2003">
  <ItemGroup>
    <Filter Include="헤더 파일">
      <UniqueIdentifier>{93995380-89BD-4b04-88EB-625FBE52EBFB}</UniqueIdentifier>
      <Extensions>h;hh;hpp;hxx;h++;hm;inl;inc;ipp;xsd</Extensions>
    </Filter>
    <Filter Include="로그">
      <UniqueIdentifier>{acb4e389-f8c7-44f0-8310-a687cac69c2e}</UniqueIdentifier>
    </Filter>
    <Filter Include="소스 파일">
      <UniqueIdentifier>{4FC737F1-C7A5-4376-A066-2A32D752A2FF}</UniqueIdentifier>
      <Extensions>cpp;c;cc;cxx;c++;cppm;ixx;def;odl;idl;hpj;bat;asm;asmx</Extensions>
    </Filter>
    <Filter Include="리소스 파일">
      <UniqueIdentifier>{67DA6AB6-F800-4c08-8B7A-83BB121AAD01}</UniqueIdentifier>
      <Extensions>rc;ico;cur;bmp;dlg;rc2;rct;bin;rgs;gif;jpg;jpeg;jpe;resx;tiff;tif;png;wav;mfcribbon-ms</Extensions>
    </Filter>
    <Filter Include="개미">
      <UniqueIdentifier>{16000756-109f-41e3-8a92-47eb0536afde}</UniqueIdentifier>
    </Filter>
    <Filter Include="먹이">
      <UniqueIdentifier>{15ec2537-6685-43fc-8284-c9ef9d287005}</UniqueIdentifier>
    </Filter>
    <Filter Include="게임매니저">
      <UniqueIdentifier>{4076174d-c709-4d13-a954-1b719f08bf97}</UniqueIdentifier>
    </Filter>
    <Filter Include="유틸">
      <UniqueIdentifier>{6dd85d53-8931-4fc2-9299-c0368d67e0d2}</UniqueIdentifier>
    </Filter>
  </ItemGroup>
  <ItemGroup>
    <ClCompile Include="AntSimulation.cpp">
      <Filter>소스 파일</Filter>
    </ClCompile>
    <ClCompile Include="LogManager.ixx">
      <Filter>로그</Filter>
    </ClCompile>
    <ClCompile Include="LogManager.cpp">
      <Filter>로그</Filter>
    </ClCompile>
    <ClCompile Include="Common.ixx">
      <Filter>유틸</Filter>
    </ClCompile>
    <ClCompile Include="Utils.ixx">
      <Filter>유틸</Filter>
    </ClCompile>
    <ClCompile Include="Utils.cpp">
      <Filter>유틸</Filter>
    </ClCompile>
    <ClCompile Include="Interface.ixx">
      <Filter>유틸</Filter>
    </ClCompile>
    <ClCompile Include="Component.ixx">
      <Filter>게임 오브젝트\기능</Filter>
    </ClCompile>
    <ClCompile Include="GameObject.ixx">
      <Filter>게임 오브젝트</Filter>
    </ClCompile>
    <ClCompile Include="GameObject.cpp">
      <Filter>게임 오브젝트</Filter>
    </ClCompile>
    <ClCompile Include="Concepts.ixx">
      <Filter>유틸</Filter>
    </ClCompile>
    <ClCompile Include="ComponentBase.cpp">
      <Filter>게임 오브젝트\기능</Filter>
    </ClCompile>
  </ItemGroup>
</Project>