<?xml version="1.0" encoding="utf-8"?>
<Project ToolsVersion="4.0" xmlns="http://schemas.microsoft.com/developer/msbuild/2003">
  <ItemGroup>
    <Filter Include="로그">
      <UniqueIdentifier>{acb4e389-f8c7-44f0-8310-a687cac69c2e}</UniqueIdentifier>
    </Filter>
    <Filter Include="게임매니저">
      <UniqueIdentifier>{4076174d-c709-4d13-a954-1b719f08bf97}</UniqueIdentifier>
    </Filter>
    <Filter Include="유틸">
      <UniqueIdentifier>{6dd85d53-8931-4fc2-9299-c0368d67e0d2}</UniqueIdentifier>
    </Filter>
    <Filter Include="게임 오브젝트">
      <UniqueIdentifier>{6ade90b5-a6fa-43a1-8b5a-f55618c94c4b}</UniqueIdentifier>
    </Filter>
    <Filter Include="게임 오브젝트\개미">
      <UniqueIdentifier>{16000756-109f-41e3-8a92-47eb0536afde}</UniqueIdentifier>
    </Filter>
    <Filter Include="게임 오브젝트\먹이">
      <UniqueIdentifier>{f6600d34-09ce-4bd1-9e7a-c64abe86d2bc}</UniqueIdentifier>
    </Filter>
    <Filter Include="게임 오브젝트\기능">
      <UniqueIdentifier>{c1950ace-40c8-4137-b678-525e1fee0629}</UniqueIdentifier>
    </Filter>
    <Filter Include="게임 오브젝트\기능\오브젝트 이동">
      <UniqueIdentifier>{a296b625-ef80-4aa9-82dc-52b5055ee9f0}</UniqueIdentifier>
    </Filter>
  </ItemGroup>
  <ItemGroup>
    <ClCompile Include="LogManager.ixx">
      <Filter>로그</Filter>
    </ClCompile>
    <ClCompile Include="LogManager.cpp">
      <Filter>로그</Filter>
    </ClCompile>
    <ClCompile Include="Common.ixx">
      <Filter>유틸</Filter>
    </ClCompile>
    <ClCompile Include="Utils.ixx">
      <Filter>유틸</Filter>
    </ClCompile>
    <ClCompile Include="Utils.cpp">
      <Filter>유틸</Filter>
    </ClCompile>
    <ClCompile Include="Interface.ixx">
      <Filter>유틸</Filter>
    </ClCompile>
    <ClCompile Include="Component.ixx">
      <Filter>게임 오브젝트\기능</Filter>
    </ClCompile>
    <ClCompile Include="GameObject.ixx">
      <Filter>게임 오브젝트</Filter>
    </ClCompile>
    <ClCompile Include="GameObject.cpp">
      <Filter>게임 오브젝트</Filter>
    </ClCompile>
    <ClCompile Include="Concepts.ixx">
      <Filter>유틸</Filter>
    </ClCompile>
    <ClCompile Include="ComponentBase.cpp">
      <Filter>게임 오브젝트\기능</Filter>
    </ClCompile>
  </ItemGroup>
</Project>